// !$*UTF8*$!
{
	archiveVersion = 1;
	classes = {
	};
	objectVersion = 46;
	objects = {

/* Begin PBXBuildFile section */
		DD22B9DF1B94918C00BE7E17 /* main.m in Sources */ = {isa = PBXBuildFile; fileRef = DD22B9DE1B94918C00BE7E17 /* main.m */; };
		DD22B9E21B94918C00BE7E17 /* AppDelegate.m in Sources */ = {isa = PBXBuildFile; fileRef = DD22B9E11B94918C00BE7E17 /* AppDelegate.m */; };
		DD22B9EA1B94918C00BE7E17 /* Images.xcassets in Resources */ = {isa = PBXBuildFile; fileRef = DD22B9E91B94918C00BE7E17 /* Images.xcassets */; };
		DD22B9ED1B94918C00BE7E17 /* LaunchScreen.xib in Resources */ = {isa = PBXBuildFile; fileRef = DD22B9EB1B94918C00BE7E17 /* LaunchScreen.xib */; };
		DD22B9F91B94918C00BE7E17 /* Project_TemplateTests.m in Sources */ = {isa = PBXBuildFile; fileRef = DD22B9F81B94918C00BE7E17 /* Project_TemplateTests.m */; };
		DD22BA821B9491D800BE7E17 /* MainViewController.m in Sources */ = {isa = PBXBuildFile; fileRef = DD22BA041B9491D800BE7E17 /* MainViewController.m */; };
		DD22BA831B9491D800BE7E17 /* BaseNavigationController.m in Sources */ = {isa = PBXBuildFile; fileRef = DD22BA071B9491D800BE7E17 /* BaseNavigationController.m */; };
		DD22BA841B9491D800BE7E17 /* BaseView.m in Sources */ = {isa = PBXBuildFile; fileRef = DD22BA091B9491D800BE7E17 /* BaseView.m */; };
		DD22BA851B9491D800BE7E17 /* BaseViewController.m in Sources */ = {isa = PBXBuildFile; fileRef = DD22BA0B1B9491D800BE7E17 /* BaseViewController.m */; };
		DD22BA861B9491D800BE7E17 /* LoadingView.m in Sources */ = {isa = PBXBuildFile; fileRef = DD22BA0D1B9491D800BE7E17 /* LoadingView.m */; };
		DD22BA871B9491D800BE7E17 /* AppUtility.m in Sources */ = {isa = PBXBuildFile; fileRef = DD22BA101B9491D800BE7E17 /* AppUtility.m */; };
		DD22BA881B9491D800BE7E17 /* BaseLayout.m in Sources */ = {isa = PBXBuildFile; fileRef = DD22BA121B9491D800BE7E17 /* BaseLayout.m */; };
		DD22BA891B9491D800BE7E17 /* Constants.m in Sources */ = {isa = PBXBuildFile; fileRef = DD22BA141B9491D800BE7E17 /* Constants.m */; };
		DD22BA8A1B9491D800BE7E17 /* InterfaceUtility.m in Sources */ = {isa = PBXBuildFile; fileRef = DD22BA161B9491D800BE7E17 /* InterfaceUtility.m */; };
		DD22BA8B1B9491D800BE7E17 /* Reachability.m in Sources */ = {isa = PBXBuildFile; fileRef = DD22BA181B9491D800BE7E17 /* Reachability.m */; };
		DD22BA8C1B9491D800BE7E17 /* AFHTTPRequestOperation.m in Sources */ = {isa = PBXBuildFile; fileRef = DD22BA1C1B9491D800BE7E17 /* AFHTTPRequestOperation.m */; };
		DD22BA8D1B9491D800BE7E17 /* AFHTTPRequestOperationManager.m in Sources */ = {isa = PBXBuildFile; fileRef = DD22BA1E1B9491D800BE7E17 /* AFHTTPRequestOperationManager.m */; };
		DD22BA8E1B9491D800BE7E17 /* AFHTTPSessionManager.m in Sources */ = {isa = PBXBuildFile; fileRef = DD22BA201B9491D800BE7E17 /* AFHTTPSessionManager.m */; };
		DD22BA8F1B9491D800BE7E17 /* AFNetworkReachabilityManager.m in Sources */ = {isa = PBXBuildFile; fileRef = DD22BA231B9491D800BE7E17 /* AFNetworkReachabilityManager.m */; };
		DD22BA901B9491D800BE7E17 /* AFSecurityPolicy.m in Sources */ = {isa = PBXBuildFile; fileRef = DD22BA251B9491D800BE7E17 /* AFSecurityPolicy.m */; };
		DD22BA911B9491D800BE7E17 /* AFURLConnectionOperation.m in Sources */ = {isa = PBXBuildFile; fileRef = DD22BA271B9491D800BE7E17 /* AFURLConnectionOperation.m */; };
		DD22BA921B9491D800BE7E17 /* AFURLRequestSerialization.m in Sources */ = {isa = PBXBuildFile; fileRef = DD22BA291B9491D800BE7E17 /* AFURLRequestSerialization.m */; };
		DD22BA931B9491D800BE7E17 /* AFURLResponseSerialization.m in Sources */ = {isa = PBXBuildFile; fileRef = DD22BA2B1B9491D800BE7E17 /* AFURLResponseSerialization.m */; };
		DD22BA941B9491D800BE7E17 /* AFURLSessionManager.m in Sources */ = {isa = PBXBuildFile; fileRef = DD22BA2D1B9491D800BE7E17 /* AFURLSessionManager.m */; };
		DD22BA951B9491D800BE7E17 /* GTMNSString+HTML.m in Sources */ = {isa = PBXBuildFile; fileRef = DD22BA301B9491D800BE7E17 /* GTMNSString+HTML.m */; };
		DD22BA961B9491D800BE7E17 /* NSString+HTML.m in Sources */ = {isa = PBXBuildFile; fileRef = DD22BA321B9491D800BE7E17 /* NSString+HTML.m */; };
		DD22BA971B9491D800BE7E17 /* UIImage+Scale.m in Sources */ = {isa = PBXBuildFile; fileRef = DD22BA351B9491D800BE7E17 /* UIImage+Scale.m */; };
		DD22BA981B9491D800BE7E17 /* KLCPopup.m in Sources */ = {isa = PBXBuildFile; fileRef = DD22BA381B9491D800BE7E17 /* KLCPopup.m */; };
		DD22BA991B9491D800BE7E17 /* MFSideMenuContainerViewController.m in Sources */ = {isa = PBXBuildFile; fileRef = DD22BA3C1B9491D800BE7E17 /* MFSideMenuContainerViewController.m */; };
		DD22BA9A1B9491D800BE7E17 /* MFSideMenuShadow.m in Sources */ = {isa = PBXBuildFile; fileRef = DD22BA3E1B9491D800BE7E17 /* MFSideMenuShadow.m */; };
		DD22BA9B1B9491D800BE7E17 /* UIViewController+MFSideMenuAdditions.m in Sources */ = {isa = PBXBuildFile; fileRef = DD22BA401B9491D800BE7E17 /* UIViewController+MFSideMenuAdditions.m */; };
		DD22BA9C1B9491D800BE7E17 /* MKAnnotationView+WebCache.m in Sources */ = {isa = PBXBuildFile; fileRef = DD22BA431B9491D800BE7E17 /* MKAnnotationView+WebCache.m */; };
		DD22BA9D1B9491D800BE7E17 /* NSData+ImageContentType.m in Sources */ = {isa = PBXBuildFile; fileRef = DD22BA451B9491D800BE7E17 /* NSData+ImageContentType.m */; };
		DD22BA9E1B9491D800BE7E17 /* SDImageCache.m in Sources */ = {isa = PBXBuildFile; fileRef = DD22BA471B9491D800BE7E17 /* SDImageCache.m */; };
		DD22BA9F1B9491D800BE7E17 /* SDWebImageCompat.m in Sources */ = {isa = PBXBuildFile; fileRef = DD22BA491B9491D800BE7E17 /* SDWebImageCompat.m */; };
		DD22BAA01B9491D800BE7E17 /* SDWebImageDecoder.m in Sources */ = {isa = PBXBuildFile; fileRef = DD22BA4B1B9491D800BE7E17 /* SDWebImageDecoder.m */; };
		DD22BAA11B9491D800BE7E17 /* SDWebImageDownloader.m in Sources */ = {isa = PBXBuildFile; fileRef = DD22BA4D1B9491D800BE7E17 /* SDWebImageDownloader.m */; };
		DD22BAA21B9491D800BE7E17 /* SDWebImageDownloaderOperation.m in Sources */ = {isa = PBXBuildFile; fileRef = DD22BA4F1B9491D800BE7E17 /* SDWebImageDownloaderOperation.m */; };
		DD22BAA31B9491D800BE7E17 /* SDWebImageManager.m in Sources */ = {isa = PBXBuildFile; fileRef = DD22BA511B9491D800BE7E17 /* SDWebImageManager.m */; };
		DD22BAA41B9491D800BE7E17 /* SDWebImagePrefetcher.m in Sources */ = {isa = PBXBuildFile; fileRef = DD22BA541B9491D800BE7E17 /* SDWebImagePrefetcher.m */; };
		DD22BAA51B9491D800BE7E17 /* UIButton+WebCache.m in Sources */ = {isa = PBXBuildFile; fileRef = DD22BA561B9491D800BE7E17 /* UIButton+WebCache.m */; };
		DD22BAA61B9491D800BE7E17 /* UIImage+GIF.m in Sources */ = {isa = PBXBuildFile; fileRef = DD22BA581B9491D800BE7E17 /* UIImage+GIF.m */; };
		DD22BAA71B9491D800BE7E17 /* UIImage+MultiFormat.m in Sources */ = {isa = PBXBuildFile; fileRef = DD22BA5A1B9491D800BE7E17 /* UIImage+MultiFormat.m */; };
		DD22BAA81B9491D800BE7E17 /* UIImage+WebP.m in Sources */ = {isa = PBXBuildFile; fileRef = DD22BA5C1B9491D800BE7E17 /* UIImage+WebP.m */; };
		DD22BAA91B9491D800BE7E17 /* UIImageView+HighlightedWebCache.m in Sources */ = {isa = PBXBuildFile; fileRef = DD22BA5E1B9491D800BE7E17 /* UIImageView+HighlightedWebCache.m */; };
		DD22BAAA1B9491D800BE7E17 /* UIImageView+WebCache.m in Sources */ = {isa = PBXBuildFile; fileRef = DD22BA601B9491D800BE7E17 /* UIImageView+WebCache.m */; };
		DD22BAAB1B9491D800BE7E17 /* UIView+WebCacheOperation.m in Sources */ = {isa = PBXBuildFile; fileRef = DD22BA621B9491D800BE7E17 /* UIView+WebCacheOperation.m */; };
		DD22BAAC1B9491D800BE7E17 /* .gitignore in Resources */ = {isa = PBXBuildFile; fileRef = DD22BA641B9491D800BE7E17 /* .gitignore */; };
		DD22BAAD1B9491D800BE7E17 /* UIAlertView+Blocks.m in Sources */ = {isa = PBXBuildFile; fileRef = DD22BA661B9491D800BE7E17 /* UIAlertView+Blocks.m */; };
		DD22BAAE1B9491D800BE7E17 /* UIImageViewAligned.m in Sources */ = {isa = PBXBuildFile; fileRef = DD22BA691B9491D800BE7E17 /* UIImageViewAligned.m */; };
		DD22BAAF1B9491D800BE7E17 /* AFNetworkActivityIndicatorManager.m in Sources */ = {isa = PBXBuildFile; fileRef = DD22BA6C1B9491D800BE7E17 /* AFNetworkActivityIndicatorManager.m */; };
		DD22BAB01B9491D800BE7E17 /* UIActivityIndicatorView+AFNetworking.m in Sources */ = {isa = PBXBuildFile; fileRef = DD22BA6E1B9491D800BE7E17 /* UIActivityIndicatorView+AFNetworking.m */; };
		DD22BAB11B9491D800BE7E17 /* UIAlertView+AFNetworking.m in Sources */ = {isa = PBXBuildFile; fileRef = DD22BA701B9491D800BE7E17 /* UIAlertView+AFNetworking.m */; };
		DD22BAB21B9491D800BE7E17 /* UIButton+AFNetworking.m in Sources */ = {isa = PBXBuildFile; fileRef = DD22BA721B9491D800BE7E17 /* UIButton+AFNetworking.m */; };
		DD22BAB31B9491D800BE7E17 /* UIImageView+AFNetworking.m in Sources */ = {isa = PBXBuildFile; fileRef = DD22BA741B9491D800BE7E17 /* UIImageView+AFNetworking.m */; };
		DD22BAB41B9491D800BE7E17 /* UIProgressView+AFNetworking.m in Sources */ = {isa = PBXBuildFile; fileRef = DD22BA771B9491D800BE7E17 /* UIProgressView+AFNetworking.m */; };
		DD22BAB51B9491D800BE7E17 /* UIRefreshControl+AFNetworking.m in Sources */ = {isa = PBXBuildFile; fileRef = DD22BA791B9491D800BE7E17 /* UIRefreshControl+AFNetworking.m */; };
		DD22BAB61B9491D800BE7E17 /* UIWebView+AFNetworking.m in Sources */ = {isa = PBXBuildFile; fileRef = DD22BA7B1B9491D800BE7E17 /* UIWebView+AFNetworking.m */; };
		DD22BAB71B9491D800BE7E17 /* SMXMLDocument.m in Sources */ = {isa = PBXBuildFile; fileRef = DD22BA7E1B9491D800BE7E17 /* SMXMLDocument.m */; };
		DD22BAB81B9491D800BE7E17 /* MainView.m in Sources */ = {isa = PBXBuildFile; fileRef = DD22BA811B9491D800BE7E17 /* MainView.m */; };
		DD22BABC1B94927F00BE7E17 /* CoreGraphics.framework in Frameworks */ = {isa = PBXBuildFile; fileRef = DD22BABB1B94927F00BE7E17 /* CoreGraphics.framework */; };
/* End PBXBuildFile section */

/* Begin PBXContainerItemProxy section */
		DD22B9F31B94918C00BE7E17 /* PBXContainerItemProxy */ = {
			isa = PBXContainerItemProxy;
			containerPortal = DD22B9D11B94918C00BE7E17 /* Project object */;
			proxyType = 1;
			remoteGlobalIDString = DD22B9D81B94918C00BE7E17;
			remoteInfo = Project_Template;
		};
/* End PBXContainerItemProxy section */

/* Begin PBXFileReference section */
		DD22B9D91B94918C00BE7E17 /* Project_Template.app */ = {isa = PBXFileReference; explicitFileType = wrapper.application; includeInIndex = 0; path = Project_Template.app; sourceTree = BUILT_PRODUCTS_DIR; };
		DD22B9DD1B94918C00BE7E17 /* Info.plist */ = {isa = PBXFileReference; lastKnownFileType = text.plist.xml; path = Info.plist; sourceTree = "<group>"; };
		DD22B9DE1B94918C00BE7E17 /* main.m */ = {isa = PBXFileReference; lastKnownFileType = sourcecode.c.objc; path = main.m; sourceTree = "<group>"; };
		DD22B9E01B94918C00BE7E17 /* AppDelegate.h */ = {isa = PBXFileReference; lastKnownFileType = sourcecode.c.h; path = AppDelegate.h; sourceTree = "<group>"; };
		DD22B9E11B94918C00BE7E17 /* AppDelegate.m */ = {isa = PBXFileReference; lastKnownFileType = sourcecode.c.objc; path = AppDelegate.m; sourceTree = "<group>"; };
		DD22B9E91B94918C00BE7E17 /* Images.xcassets */ = {isa = PBXFileReference; lastKnownFileType = folder.assetcatalog; path = Images.xcassets; sourceTree = "<group>"; };
		DD22B9EC1B94918C00BE7E17 /* Base */ = {isa = PBXFileReference; lastKnownFileType = file.xib; name = Base; path = Base.lproj/LaunchScreen.xib; sourceTree = "<group>"; };
		DD22B9F21B94918C00BE7E17 /* Project_TemplateTests.xctest */ = {isa = PBXFileReference; explicitFileType = wrapper.cfbundle; includeInIndex = 0; path = Project_TemplateTests.xctest; sourceTree = BUILT_PRODUCTS_DIR; };
		DD22B9F71B94918C00BE7E17 /* Info.plist */ = {isa = PBXFileReference; lastKnownFileType = text.plist.xml; path = Info.plist; sourceTree = "<group>"; };
		DD22B9F81B94918C00BE7E17 /* Project_TemplateTests.m */ = {isa = PBXFileReference; lastKnownFileType = sourcecode.c.objc; path = Project_TemplateTests.m; sourceTree = "<group>"; };
		DD22BA031B9491D800BE7E17 /* MainViewController.h */ = {isa = PBXFileReference; fileEncoding = 4; lastKnownFileType = sourcecode.c.h; path = MainViewController.h; sourceTree = "<group>"; };
		DD22BA041B9491D800BE7E17 /* MainViewController.m */ = {isa = PBXFileReference; fileEncoding = 4; lastKnownFileType = sourcecode.c.objc; path = MainViewController.m; sourceTree = "<group>"; };
		DD22BA061B9491D800BE7E17 /* BaseNavigationController.h */ = {isa = PBXFileReference; fileEncoding = 4; lastKnownFileType = sourcecode.c.h; path = BaseNavigationController.h; sourceTree = "<group>"; };
		DD22BA071B9491D800BE7E17 /* BaseNavigationController.m */ = {isa = PBXFileReference; fileEncoding = 4; lastKnownFileType = sourcecode.c.objc; path = BaseNavigationController.m; sourceTree = "<group>"; };
		DD22BA081B9491D800BE7E17 /* BaseView.h */ = {isa = PBXFileReference; fileEncoding = 4; lastKnownFileType = sourcecode.c.h; path = BaseView.h; sourceTree = "<group>"; };
		DD22BA091B9491D800BE7E17 /* BaseView.m */ = {isa = PBXFileReference; fileEncoding = 4; lastKnownFileType = sourcecode.c.objc; path = BaseView.m; sourceTree = "<group>"; };
		DD22BA0A1B9491D800BE7E17 /* BaseViewController.h */ = {isa = PBXFileReference; fileEncoding = 4; lastKnownFileType = sourcecode.c.h; path = BaseViewController.h; sourceTree = "<group>"; };
		DD22BA0B1B9491D800BE7E17 /* BaseViewController.m */ = {isa = PBXFileReference; fileEncoding = 4; lastKnownFileType = sourcecode.c.objc; path = BaseViewController.m; sourceTree = "<group>"; };
		DD22BA0C1B9491D800BE7E17 /* LoadingView.h */ = {isa = PBXFileReference; fileEncoding = 4; lastKnownFileType = sourcecode.c.h; path = LoadingView.h; sourceTree = "<group>"; };
		DD22BA0D1B9491D800BE7E17 /* LoadingView.m */ = {isa = PBXFileReference; fileEncoding = 4; lastKnownFileType = sourcecode.c.objc; path = LoadingView.m; sourceTree = "<group>"; };
		DD22BA0F1B9491D800BE7E17 /* AppUtility.h */ = {isa = PBXFileReference; fileEncoding = 4; lastKnownFileType = sourcecode.c.h; path = AppUtility.h; sourceTree = "<group>"; };
		DD22BA101B9491D800BE7E17 /* AppUtility.m */ = {isa = PBXFileReference; fileEncoding = 4; lastKnownFileType = sourcecode.c.objc; path = AppUtility.m; sourceTree = "<group>"; };
		DD22BA111B9491D800BE7E17 /* BaseLayout.h */ = {isa = PBXFileReference; fileEncoding = 4; lastKnownFileType = sourcecode.c.h; path = BaseLayout.h; sourceTree = "<group>"; };
		DD22BA121B9491D800BE7E17 /* BaseLayout.m */ = {isa = PBXFileReference; fileEncoding = 4; lastKnownFileType = sourcecode.c.objc; path = BaseLayout.m; sourceTree = "<group>"; };
		DD22BA131B9491D800BE7E17 /* Constants.h */ = {isa = PBXFileReference; fileEncoding = 4; lastKnownFileType = sourcecode.c.h; path = Constants.h; sourceTree = "<group>"; };
		DD22BA141B9491D800BE7E17 /* Constants.m */ = {isa = PBXFileReference; fileEncoding = 4; lastKnownFileType = sourcecode.c.objc; path = Constants.m; sourceTree = "<group>"; };
		DD22BA151B9491D800BE7E17 /* InterfaceUtility.h */ = {isa = PBXFileReference; fileEncoding = 4; lastKnownFileType = sourcecode.c.h; path = InterfaceUtility.h; sourceTree = "<group>"; };
		DD22BA161B9491D800BE7E17 /* InterfaceUtility.m */ = {isa = PBXFileReference; fileEncoding = 4; lastKnownFileType = sourcecode.c.objc; path = InterfaceUtility.m; sourceTree = "<group>"; };
		DD22BA171B9491D800BE7E17 /* Reachability.h */ = {isa = PBXFileReference; fileEncoding = 4; lastKnownFileType = sourcecode.c.h; path = Reachability.h; sourceTree = "<group>"; };
		DD22BA181B9491D800BE7E17 /* Reachability.m */ = {isa = PBXFileReference; fileEncoding = 4; lastKnownFileType = sourcecode.c.objc; path = Reachability.m; sourceTree = "<group>"; };
		DD22BA1B1B9491D800BE7E17 /* AFHTTPRequestOperation.h */ = {isa = PBXFileReference; fileEncoding = 4; lastKnownFileType = sourcecode.c.h; path = AFHTTPRequestOperation.h; sourceTree = "<group>"; };
		DD22BA1C1B9491D800BE7E17 /* AFHTTPRequestOperation.m */ = {isa = PBXFileReference; fileEncoding = 4; lastKnownFileType = sourcecode.c.objc; path = AFHTTPRequestOperation.m; sourceTree = "<group>"; };
		DD22BA1D1B9491D800BE7E17 /* AFHTTPRequestOperationManager.h */ = {isa = PBXFileReference; fileEncoding = 4; lastKnownFileType = sourcecode.c.h; path = AFHTTPRequestOperationManager.h; sourceTree = "<group>"; };
		DD22BA1E1B9491D800BE7E17 /* AFHTTPRequestOperationManager.m */ = {isa = PBXFileReference; fileEncoding = 4; lastKnownFileType = sourcecode.c.objc; path = AFHTTPRequestOperationManager.m; sourceTree = "<group>"; };
		DD22BA1F1B9491D800BE7E17 /* AFHTTPSessionManager.h */ = {isa = PBXFileReference; fileEncoding = 4; lastKnownFileType = sourcecode.c.h; path = AFHTTPSessionManager.h; sourceTree = "<group>"; };
		DD22BA201B9491D800BE7E17 /* AFHTTPSessionManager.m */ = {isa = PBXFileReference; fileEncoding = 4; lastKnownFileType = sourcecode.c.objc; path = AFHTTPSessionManager.m; sourceTree = "<group>"; };
		DD22BA211B9491D800BE7E17 /* AFNetworking.h */ = {isa = PBXFileReference; fileEncoding = 4; lastKnownFileType = sourcecode.c.h; path = AFNetworking.h; sourceTree = "<group>"; };
		DD22BA221B9491D800BE7E17 /* AFNetworkReachabilityManager.h */ = {isa = PBXFileReference; fileEncoding = 4; lastKnownFileType = sourcecode.c.h; path = AFNetworkReachabilityManager.h; sourceTree = "<group>"; };
		DD22BA231B9491D800BE7E17 /* AFNetworkReachabilityManager.m */ = {isa = PBXFileReference; fileEncoding = 4; lastKnownFileType = sourcecode.c.objc; path = AFNetworkReachabilityManager.m; sourceTree = "<group>"; };
		DD22BA241B9491D800BE7E17 /* AFSecurityPolicy.h */ = {isa = PBXFileReference; fileEncoding = 4; lastKnownFileType = sourcecode.c.h; path = AFSecurityPolicy.h; sourceTree = "<group>"; };
		DD22BA251B9491D800BE7E17 /* AFSecurityPolicy.m */ = {isa = PBXFileReference; fileEncoding = 4; lastKnownFileType = sourcecode.c.objc; path = AFSecurityPolicy.m; sourceTree = "<group>"; };
		DD22BA261B9491D800BE7E17 /* AFURLConnectionOperation.h */ = {isa = PBXFileReference; fileEncoding = 4; lastKnownFileType = sourcecode.c.h; path = AFURLConnectionOperation.h; sourceTree = "<group>"; };
		DD22BA271B9491D800BE7E17 /* AFURLConnectionOperation.m */ = {isa = PBXFileReference; fileEncoding = 4; lastKnownFileType = sourcecode.c.objc; path = AFURLConnectionOperation.m; sourceTree = "<group>"; };
		DD22BA281B9491D800BE7E17 /* AFURLRequestSerialization.h */ = {isa = PBXFileReference; fileEncoding = 4; lastKnownFileType = sourcecode.c.h; path = AFURLRequestSerialization.h; sourceTree = "<group>"; };
		DD22BA291B9491D800BE7E17 /* AFURLRequestSerialization.m */ = {isa = PBXFileReference; fileEncoding = 4; lastKnownFileType = sourcecode.c.objc; path = AFURLRequestSerialization.m; sourceTree = "<group>"; };
		DD22BA2A1B9491D800BE7E17 /* AFURLResponseSerialization.h */ = {isa = PBXFileReference; fileEncoding = 4; lastKnownFileType = sourcecode.c.h; path = AFURLResponseSerialization.h; sourceTree = "<group>"; };
		DD22BA2B1B9491D800BE7E17 /* AFURLResponseSerialization.m */ = {isa = PBXFileReference; fileEncoding = 4; lastKnownFileType = sourcecode.c.objc; path = AFURLResponseSerialization.m; sourceTree = "<group>"; };
		DD22BA2C1B9491D800BE7E17 /* AFURLSessionManager.h */ = {isa = PBXFileReference; fileEncoding = 4; lastKnownFileType = sourcecode.c.h; path = AFURLSessionManager.h; sourceTree = "<group>"; };
		DD22BA2D1B9491D800BE7E17 /* AFURLSessionManager.m */ = {isa = PBXFileReference; fileEncoding = 4; lastKnownFileType = sourcecode.c.objc; path = AFURLSessionManager.m; sourceTree = "<group>"; };
		DD22BA2F1B9491D800BE7E17 /* GTMNSString+HTML.h */ = {isa = PBXFileReference; fileEncoding = 4; lastKnownFileType = sourcecode.c.h; path = "GTMNSString+HTML.h"; sourceTree = "<group>"; };
		DD22BA301B9491D800BE7E17 /* GTMNSString+HTML.m */ = {isa = PBXFileReference; fileEncoding = 4; lastKnownFileType = sourcecode.c.objc; path = "GTMNSString+HTML.m"; sourceTree = "<group>"; };
		DD22BA311B9491D800BE7E17 /* NSString+HTML.h */ = {isa = PBXFileReference; fileEncoding = 4; lastKnownFileType = sourcecode.c.h; path = "NSString+HTML.h"; sourceTree = "<group>"; };
		DD22BA321B9491D800BE7E17 /* NSString+HTML.m */ = {isa = PBXFileReference; fileEncoding = 4; lastKnownFileType = sourcecode.c.objc; path = "NSString+HTML.m"; sourceTree = "<group>"; };
		DD22BA341B9491D800BE7E17 /* UIImage+Scale.h */ = {isa = PBXFileReference; fileEncoding = 4; lastKnownFileType = sourcecode.c.h; path = "UIImage+Scale.h"; sourceTree = "<group>"; };
		DD22BA351B9491D800BE7E17 /* UIImage+Scale.m */ = {isa = PBXFileReference; fileEncoding = 4; lastKnownFileType = sourcecode.c.objc; path = "UIImage+Scale.m"; sourceTree = "<group>"; };
		DD22BA371B9491D800BE7E17 /* KLCPopup.h */ = {isa = PBXFileReference; fileEncoding = 4; lastKnownFileType = sourcecode.c.h; path = KLCPopup.h; sourceTree = "<group>"; };
		DD22BA381B9491D800BE7E17 /* KLCPopup.m */ = {isa = PBXFileReference; fileEncoding = 4; lastKnownFileType = sourcecode.c.objc; path = KLCPopup.m; sourceTree = "<group>"; };
		DD22BA3A1B9491D800BE7E17 /* MFSideMenu.h */ = {isa = PBXFileReference; fileEncoding = 4; lastKnownFileType = sourcecode.c.h; path = MFSideMenu.h; sourceTree = "<group>"; };
		DD22BA3B1B9491D800BE7E17 /* MFSideMenuContainerViewController.h */ = {isa = PBXFileReference; fileEncoding = 4; lastKnownFileType = sourcecode.c.h; path = MFSideMenuContainerViewController.h; sourceTree = "<group>"; };
		DD22BA3C1B9491D800BE7E17 /* MFSideMenuContainerViewController.m */ = {isa = PBXFileReference; fileEncoding = 4; lastKnownFileType = sourcecode.c.objc; path = MFSideMenuContainerViewController.m; sourceTree = "<group>"; };
		DD22BA3D1B9491D800BE7E17 /* MFSideMenuShadow.h */ = {isa = PBXFileReference; fileEncoding = 4; lastKnownFileType = sourcecode.c.h; path = MFSideMenuShadow.h; sourceTree = "<group>"; };
		DD22BA3E1B9491D800BE7E17 /* MFSideMenuShadow.m */ = {isa = PBXFileReference; fileEncoding = 4; lastKnownFileType = sourcecode.c.objc; path = MFSideMenuShadow.m; sourceTree = "<group>"; };
		DD22BA3F1B9491D800BE7E17 /* UIViewController+MFSideMenuAdditions.h */ = {isa = PBXFileReference; fileEncoding = 4; lastKnownFileType = sourcecode.c.h; path = "UIViewController+MFSideMenuAdditions.h"; sourceTree = "<group>"; };
		DD22BA401B9491D800BE7E17 /* UIViewController+MFSideMenuAdditions.m */ = {isa = PBXFileReference; fileEncoding = 4; lastKnownFileType = sourcecode.c.objc; path = "UIViewController+MFSideMenuAdditions.m"; sourceTree = "<group>"; };
		DD22BA421B9491D800BE7E17 /* MKAnnotationView+WebCache.h */ = {isa = PBXFileReference; fileEncoding = 4; lastKnownFileType = sourcecode.c.h; path = "MKAnnotationView+WebCache.h"; sourceTree = "<group>"; };
		DD22BA431B9491D800BE7E17 /* MKAnnotationView+WebCache.m */ = {isa = PBXFileReference; fileEncoding = 4; lastKnownFileType = sourcecode.c.objc; path = "MKAnnotationView+WebCache.m"; sourceTree = "<group>"; };
		DD22BA441B9491D800BE7E17 /* NSData+ImageContentType.h */ = {isa = PBXFileReference; fileEncoding = 4; lastKnownFileType = sourcecode.c.h; path = "NSData+ImageContentType.h"; sourceTree = "<group>"; };
		DD22BA451B9491D800BE7E17 /* NSData+ImageContentType.m */ = {isa = PBXFileReference; fileEncoding = 4; lastKnownFileType = sourcecode.c.objc; path = "NSData+ImageContentType.m"; sourceTree = "<group>"; };
		DD22BA461B9491D800BE7E17 /* SDImageCache.h */ = {isa = PBXFileReference; fileEncoding = 4; lastKnownFileType = sourcecode.c.h; path = SDImageCache.h; sourceTree = "<group>"; };
		DD22BA471B9491D800BE7E17 /* SDImageCache.m */ = {isa = PBXFileReference; fileEncoding = 4; lastKnownFileType = sourcecode.c.objc; path = SDImageCache.m; sourceTree = "<group>"; };
		DD22BA481B9491D800BE7E17 /* SDWebImageCompat.h */ = {isa = PBXFileReference; fileEncoding = 4; lastKnownFileType = sourcecode.c.h; path = SDWebImageCompat.h; sourceTree = "<group>"; };
		DD22BA491B9491D800BE7E17 /* SDWebImageCompat.m */ = {isa = PBXFileReference; fileEncoding = 4; lastKnownFileType = sourcecode.c.objc; path = SDWebImageCompat.m; sourceTree = "<group>"; };
		DD22BA4A1B9491D800BE7E17 /* SDWebImageDecoder.h */ = {isa = PBXFileReference; fileEncoding = 4; lastKnownFileType = sourcecode.c.h; path = SDWebImageDecoder.h; sourceTree = "<group>"; };
		DD22BA4B1B9491D800BE7E17 /* SDWebImageDecoder.m */ = {isa = PBXFileReference; fileEncoding = 4; lastKnownFileType = sourcecode.c.objc; path = SDWebImageDecoder.m; sourceTree = "<group>"; };
		DD22BA4C1B9491D800BE7E17 /* SDWebImageDownloader.h */ = {isa = PBXFileReference; fileEncoding = 4; lastKnownFileType = sourcecode.c.h; path = SDWebImageDownloader.h; sourceTree = "<group>"; };
		DD22BA4D1B9491D800BE7E17 /* SDWebImageDownloader.m */ = {isa = PBXFileReference; fileEncoding = 4; lastKnownFileType = sourcecode.c.objc; path = SDWebImageDownloader.m; sourceTree = "<group>"; };
		DD22BA4E1B9491D800BE7E17 /* SDWebImageDownloaderOperation.h */ = {isa = PBXFileReference; fileEncoding = 4; lastKnownFileType = sourcecode.c.h; path = SDWebImageDownloaderOperation.h; sourceTree = "<group>"; };
		DD22BA4F1B9491D800BE7E17 /* SDWebImageDownloaderOperation.m */ = {isa = PBXFileReference; fileEncoding = 4; lastKnownFileType = sourcecode.c.objc; path = SDWebImageDownloaderOperation.m; sourceTree = "<group>"; };
		DD22BA501B9491D800BE7E17 /* SDWebImageManager.h */ = {isa = PBXFileReference; fileEncoding = 4; lastKnownFileType = sourcecode.c.h; path = SDWebImageManager.h; sourceTree = "<group>"; };
		DD22BA511B9491D800BE7E17 /* SDWebImageManager.m */ = {isa = PBXFileReference; fileEncoding = 4; lastKnownFileType = sourcecode.c.objc; path = SDWebImageManager.m; sourceTree = "<group>"; };
		DD22BA521B9491D800BE7E17 /* SDWebImageOperation.h */ = {isa = PBXFileReference; fileEncoding = 4; lastKnownFileType = sourcecode.c.h; path = SDWebImageOperation.h; sourceTree = "<group>"; };
		DD22BA531B9491D800BE7E17 /* SDWebImagePrefetcher.h */ = {isa = PBXFileReference; fileEncoding = 4; lastKnownFileType = sourcecode.c.h; path = SDWebImagePrefetcher.h; sourceTree = "<group>"; };
		DD22BA541B9491D800BE7E17 /* SDWebImagePrefetcher.m */ = {isa = PBXFileReference; fileEncoding = 4; lastKnownFileType = sourcecode.c.objc; path = SDWebImagePrefetcher.m; sourceTree = "<group>"; };
		DD22BA551B9491D800BE7E17 /* UIButton+WebCache.h */ = {isa = PBXFileReference; fileEncoding = 4; lastKnownFileType = sourcecode.c.h; path = "UIButton+WebCache.h"; sourceTree = "<group>"; };
		DD22BA561B9491D800BE7E17 /* UIButton+WebCache.m */ = {isa = PBXFileReference; fileEncoding = 4; lastKnownFileType = sourcecode.c.objc; path = "UIButton+WebCache.m"; sourceTree = "<group>"; };
		DD22BA571B9491D800BE7E17 /* UIImage+GIF.h */ = {isa = PBXFileReference; fileEncoding = 4; lastKnownFileType = sourcecode.c.h; path = "UIImage+GIF.h"; sourceTree = "<group>"; };
		DD22BA581B9491D800BE7E17 /* UIImage+GIF.m */ = {isa = PBXFileReference; fileEncoding = 4; lastKnownFileType = sourcecode.c.objc; path = "UIImage+GIF.m"; sourceTree = "<group>"; };
		DD22BA591B9491D800BE7E17 /* UIImage+MultiFormat.h */ = {isa = PBXFileReference; fileEncoding = 4; lastKnownFileType = sourcecode.c.h; path = "UIImage+MultiFormat.h"; sourceTree = "<group>"; };
		DD22BA5A1B9491D800BE7E17 /* UIImage+MultiFormat.m */ = {isa = PBXFileReference; fileEncoding = 4; lastKnownFileType = sourcecode.c.objc; path = "UIImage+MultiFormat.m"; sourceTree = "<group>"; };
		DD22BA5B1B9491D800BE7E17 /* UIImage+WebP.h */ = {isa = PBXFileReference; fileEncoding = 4; lastKnownFileType = sourcecode.c.h; path = "UIImage+WebP.h"; sourceTree = "<group>"; };
		DD22BA5C1B9491D800BE7E17 /* UIImage+WebP.m */ = {isa = PBXFileReference; fileEncoding = 4; lastKnownFileType = sourcecode.c.objc; path = "UIImage+WebP.m"; sourceTree = "<group>"; };
		DD22BA5D1B9491D800BE7E17 /* UIImageView+HighlightedWebCache.h */ = {isa = PBXFileReference; fileEncoding = 4; lastKnownFileType = sourcecode.c.h; path = "UIImageView+HighlightedWebCache.h"; sourceTree = "<group>"; };
		DD22BA5E1B9491D800BE7E17 /* UIImageView+HighlightedWebCache.m */ = {isa = PBXFileReference; fileEncoding = 4; lastKnownFileType = sourcecode.c.objc; path = "UIImageView+HighlightedWebCache.m"; sourceTree = "<group>"; };
		DD22BA5F1B9491D800BE7E17 /* UIImageView+WebCache.h */ = {isa = PBXFileReference; fileEncoding = 4; lastKnownFileType = sourcecode.c.h; path = "UIImageView+WebCache.h"; sourceTree = "<group>"; };
		DD22BA601B9491D800BE7E17 /* UIImageView+WebCache.m */ = {isa = PBXFileReference; fileEncoding = 4; lastKnownFileType = sourcecode.c.objc; path = "UIImageView+WebCache.m"; sourceTree = "<group>"; };
		DD22BA611B9491D800BE7E17 /* UIView+WebCacheOperation.h */ = {isa = PBXFileReference; fileEncoding = 4; lastKnownFileType = sourcecode.c.h; path = "UIView+WebCacheOperation.h"; sourceTree = "<group>"; };
		DD22BA621B9491D800BE7E17 /* UIView+WebCacheOperation.m */ = {isa = PBXFileReference; fileEncoding = 4; lastKnownFileType = sourcecode.c.objc; path = "UIView+WebCacheOperation.m"; sourceTree = "<group>"; };
		DD22BA641B9491D800BE7E17 /* .gitignore */ = {isa = PBXFileReference; fileEncoding = 4; lastKnownFileType = text; path = .gitignore; sourceTree = "<group>"; };
		DD22BA651B9491D800BE7E17 /* UIAlertView+Blocks.h */ = {isa = PBXFileReference; fileEncoding = 4; lastKnownFileType = sourcecode.c.h; path = "UIAlertView+Blocks.h"; sourceTree = "<group>"; };
		DD22BA661B9491D800BE7E17 /* UIAlertView+Blocks.m */ = {isa = PBXFileReference; fileEncoding = 4; lastKnownFileType = sourcecode.c.objc; path = "UIAlertView+Blocks.m"; sourceTree = "<group>"; };
		DD22BA681B9491D800BE7E17 /* UIImageViewAligned.h */ = {isa = PBXFileReference; fileEncoding = 4; lastKnownFileType = sourcecode.c.h; path = UIImageViewAligned.h; sourceTree = "<group>"; };
		DD22BA691B9491D800BE7E17 /* UIImageViewAligned.m */ = {isa = PBXFileReference; fileEncoding = 4; lastKnownFileType = sourcecode.c.objc; path = UIImageViewAligned.m; sourceTree = "<group>"; };
		DD22BA6B1B9491D800BE7E17 /* AFNetworkActivityIndicatorManager.h */ = {isa = PBXFileReference; fileEncoding = 4; lastKnownFileType = sourcecode.c.h; path = AFNetworkActivityIndicatorManager.h; sourceTree = "<group>"; };
		DD22BA6C1B9491D800BE7E17 /* AFNetworkActivityIndicatorManager.m */ = {isa = PBXFileReference; fileEncoding = 4; lastKnownFileType = sourcecode.c.objc; path = AFNetworkActivityIndicatorManager.m; sourceTree = "<group>"; };
		DD22BA6D1B9491D800BE7E17 /* UIActivityIndicatorView+AFNetworking.h */ = {isa = PBXFileReference; fileEncoding = 4; lastKnownFileType = sourcecode.c.h; path = "UIActivityIndicatorView+AFNetworking.h"; sourceTree = "<group>"; };
		DD22BA6E1B9491D800BE7E17 /* UIActivityIndicatorView+AFNetworking.m */ = {isa = PBXFileReference; fileEncoding = 4; lastKnownFileType = sourcecode.c.objc; path = "UIActivityIndicatorView+AFNetworking.m"; sourceTree = "<group>"; };
		DD22BA6F1B9491D800BE7E17 /* UIAlertView+AFNetworking.h */ = {isa = PBXFileReference; fileEncoding = 4; lastKnownFileType = sourcecode.c.h; path = "UIAlertView+AFNetworking.h"; sourceTree = "<group>"; };
		DD22BA701B9491D800BE7E17 /* UIAlertView+AFNetworking.m */ = {isa = PBXFileReference; fileEncoding = 4; lastKnownFileType = sourcecode.c.objc; path = "UIAlertView+AFNetworking.m"; sourceTree = "<group>"; };
		DD22BA711B9491D800BE7E17 /* UIButton+AFNetworking.h */ = {isa = PBXFileReference; fileEncoding = 4; lastKnownFileType = sourcecode.c.h; path = "UIButton+AFNetworking.h"; sourceTree = "<group>"; };
		DD22BA721B9491D800BE7E17 /* UIButton+AFNetworking.m */ = {isa = PBXFileReference; fileEncoding = 4; lastKnownFileType = sourcecode.c.objc; path = "UIButton+AFNetworking.m"; sourceTree = "<group>"; };
		DD22BA731B9491D800BE7E17 /* UIImageView+AFNetworking.h */ = {isa = PBXFileReference; fileEncoding = 4; lastKnownFileType = sourcecode.c.h; path = "UIImageView+AFNetworking.h"; sourceTree = "<group>"; };
		DD22BA741B9491D800BE7E17 /* UIImageView+AFNetworking.m */ = {isa = PBXFileReference; fileEncoding = 4; lastKnownFileType = sourcecode.c.objc; path = "UIImageView+AFNetworking.m"; sourceTree = "<group>"; };
		DD22BA751B9491D800BE7E17 /* UIKit+AFNetworking.h */ = {isa = PBXFileReference; fileEncoding = 4; lastKnownFileType = sourcecode.c.h; path = "UIKit+AFNetworking.h"; sourceTree = "<group>"; };
		DD22BA761B9491D800BE7E17 /* UIProgressView+AFNetworking.h */ = {isa = PBXFileReference; fileEncoding = 4; lastKnownFileType = sourcecode.c.h; path = "UIProgressView+AFNetworking.h"; sourceTree = "<group>"; };
		DD22BA771B9491D800BE7E17 /* UIProgressView+AFNetworking.m */ = {isa = PBXFileReference; fileEncoding = 4; lastKnownFileType = sourcecode.c.objc; path = "UIProgressView+AFNetworking.m"; sourceTree = "<group>"; };
		DD22BA781B9491D800BE7E17 /* UIRefreshControl+AFNetworking.h */ = {isa = PBXFileReference; fileEncoding = 4; lastKnownFileType = sourcecode.c.h; path = "UIRefreshControl+AFNetworking.h"; sourceTree = "<group>"; };
		DD22BA791B9491D800BE7E17 /* UIRefreshControl+AFNetworking.m */ = {isa = PBXFileReference; fileEncoding = 4; lastKnownFileType = sourcecode.c.objc; path = "UIRefreshControl+AFNetworking.m"; sourceTree = "<group>"; };
		DD22BA7A1B9491D800BE7E17 /* UIWebView+AFNetworking.h */ = {isa = PBXFileReference; fileEncoding = 4; lastKnownFileType = sourcecode.c.h; path = "UIWebView+AFNetworking.h"; sourceTree = "<group>"; };
		DD22BA7B1B9491D800BE7E17 /* UIWebView+AFNetworking.m */ = {isa = PBXFileReference; fileEncoding = 4; lastKnownFileType = sourcecode.c.objc; path = "UIWebView+AFNetworking.m"; sourceTree = "<group>"; };
		DD22BA7D1B9491D800BE7E17 /* SMXMLDocument.h */ = {isa = PBXFileReference; fileEncoding = 4; lastKnownFileType = sourcecode.c.h; path = SMXMLDocument.h; sourceTree = "<group>"; };
		DD22BA7E1B9491D800BE7E17 /* SMXMLDocument.m */ = {isa = PBXFileReference; fileEncoding = 4; lastKnownFileType = sourcecode.c.objc; path = SMXMLDocument.m; sourceTree = "<group>"; };
		DD22BA801B9491D800BE7E17 /* MainView.h */ = {isa = PBXFileReference; fileEncoding = 4; lastKnownFileType = sourcecode.c.h; path = MainView.h; sourceTree = "<group>"; };
		DD22BA811B9491D800BE7E17 /* MainView.m */ = {isa = PBXFileReference; fileEncoding = 4; lastKnownFileType = sourcecode.c.objc; path = MainView.m; sourceTree = "<group>"; };
		DD22BABB1B94927F00BE7E17 /* CoreGraphics.framework */ = {isa = PBXFileReference; lastKnownFileType = wrapper.framework; name = CoreGraphics.framework; path = System/Library/Frameworks/CoreGraphics.framework; sourceTree = SDKROOT; };
		DD22BABD1B94934400BE7E17 /* Project_Template.pch */ = {isa = PBXFileReference; lastKnownFileType = sourcecode.c.h; path = Project_Template.pch; sourceTree = "<group>"; };
/* End PBXFileReference section */

/* Begin PBXFrameworksBuildPhase section */
		DD22B9D61B94918C00BE7E17 /* Frameworks */ = {
			isa = PBXFrameworksBuildPhase;
			buildActionMask = 2147483647;
			files = (
				DD22BABC1B94927F00BE7E17 /* CoreGraphics.framework in Frameworks */,
			);
			runOnlyForDeploymentPostprocessing = 0;
		};
		DD22B9EF1B94918C00BE7E17 /* Frameworks */ = {
			isa = PBXFrameworksBuildPhase;
			buildActionMask = 2147483647;
			files = (
			);
			runOnlyForDeploymentPostprocessing = 0;
		};
/* End PBXFrameworksBuildPhase section */

/* Begin PBXGroup section */
		DD22B9D01B94918C00BE7E17 = {
			isa = PBXGroup;
			children = (
				DD22B9DB1B94918C00BE7E17 /* Project_Template */,
				DD22B9F51B94918C00BE7E17 /* Project_TemplateTests */,
				DD22B9DA1B94918C00BE7E17 /* Products */,
			);
			sourceTree = "<group>";
		};
		DD22B9DA1B94918C00BE7E17 /* Products */ = {
			isa = PBXGroup;
			children = (
				DD22B9D91B94918C00BE7E17 /* Project_Template.app */,
				DD22B9F21B94918C00BE7E17 /* Project_TemplateTests.xctest */,
			);
			name = Products;
			sourceTree = "<group>";
		};
		DD22B9DB1B94918C00BE7E17 /* Project_Template */ = {
			isa = PBXGroup;
			children = (
				DD22B9E01B94918C00BE7E17 /* AppDelegate.h */,
				DD22B9E11B94918C00BE7E17 /* AppDelegate.m */,
				DD22BA021B9491D800BE7E17 /* Controller */,
				DD22BA7F1B9491D800BE7E17 /* View */,
				DD22BA051B9491D800BE7E17 /* Controls */,
				DD22BA0E1B9491D800BE7E17 /* Utility */,
				DD22BA191B9491D800BE7E17 /* Vendor */,
				DD22B9DC1B94918C00BE7E17 /* Supporting Files */,
			);
			path = Project_Template;
			sourceTree = "<group>";
		};
		DD22B9DC1B94918C00BE7E17 /* Supporting Files */ = {
			isa = PBXGroup;
			children = (
				DD22BABD1B94934400BE7E17 /* Project_Template.pch */,
				DD22BABA1B94926900BE7E17 /* Framework */,
				DD22B9E91B94918C00BE7E17 /* Images.xcassets */,
				DD22B9EB1B94918C00BE7E17 /* LaunchScreen.xib */,
				DD22B9DD1B94918C00BE7E17 /* Info.plist */,
				DD22B9DE1B94918C00BE7E17 /* main.m */,
			);
			name = "Supporting Files";
			sourceTree = "<group>";
		};
		DD22B9F51B94918C00BE7E17 /* Project_TemplateTests */ = {
			isa = PBXGroup;
			children = (
				DD22B9F81B94918C00BE7E17 /* Project_TemplateTests.m */,
				DD22B9F61B94918C00BE7E17 /* Supporting Files */,
			);
			path = Project_TemplateTests;
			sourceTree = "<group>";
		};
		DD22B9F61B94918C00BE7E17 /* Supporting Files */ = {
			isa = PBXGroup;
			children = (
				DD22B9F71B94918C00BE7E17 /* Info.plist */,
			);
			name = "Supporting Files";
			sourceTree = "<group>";
		};
		DD22BA021B9491D800BE7E17 /* Controller */ = {
			isa = PBXGroup;
			children = (
				DD22BA031B9491D800BE7E17 /* MainViewController.h */,
				DD22BA041B9491D800BE7E17 /* MainViewController.m */,
			);
			path = Controller;
			sourceTree = "<group>";
		};
		DD22BA051B9491D800BE7E17 /* Controls */ = {
			isa = PBXGroup;
			children = (
				DD22BA061B9491D800BE7E17 /* BaseNavigationController.h */,
				DD22BA071B9491D800BE7E17 /* BaseNavigationController.m */,
				DD22BA081B9491D800BE7E17 /* BaseView.h */,
				DD22BA091B9491D800BE7E17 /* BaseView.m */,
				DD22BA0A1B9491D800BE7E17 /* BaseViewController.h */,
				DD22BA0B1B9491D800BE7E17 /* BaseViewController.m */,
				DD22BA0C1B9491D800BE7E17 /* LoadingView.h */,
				DD22BA0D1B9491D800BE7E17 /* LoadingView.m */,
			);
			path = Controls;
			sourceTree = "<group>";
		};
		DD22BA0E1B9491D800BE7E17 /* Utility */ = {
			isa = PBXGroup;
			children = (
				DD22BA0F1B9491D800BE7E17 /* AppUtility.h */,
				DD22BA101B9491D800BE7E17 /* AppUtility.m */,
				DD22BA111B9491D800BE7E17 /* BaseLayout.h */,
				DD22BA121B9491D800BE7E17 /* BaseLayout.m */,
				DD22BA131B9491D800BE7E17 /* Constants.h */,
				DD22BA141B9491D800BE7E17 /* Constants.m */,
				DD22BA151B9491D800BE7E17 /* InterfaceUtility.h */,
				DD22BA161B9491D800BE7E17 /* InterfaceUtility.m */,
				DD22BA171B9491D800BE7E17 /* Reachability.h */,
				DD22BA181B9491D800BE7E17 /* Reachability.m */,
			);
			path = Utility;
			sourceTree = "<group>";
		};
		DD22BA191B9491D800BE7E17 /* Vendor */ = {
			isa = PBXGroup;
			children = (
				DD22BA1A1B9491D800BE7E17 /* AFNetworking */,
				DD22BA2E1B9491D800BE7E17 /* HTMLString */,
				DD22BA331B9491D800BE7E17 /* ImageProcessing */,
				DD22BA361B9491D800BE7E17 /* KLCPopup */,
				DD22BA391B9491D800BE7E17 /* MFSideMenu */,
				DD22BA411B9491D800BE7E17 /* SDWebImage */,
				DD22BA631B9491D800BE7E17 /* UIAlertView-Blocks */,
				DD22BA671B9491D800BE7E17 /* UIImageViewAligned */,
				DD22BA6A1B9491D800BE7E17 /* UIKit+AFNetworking */,
				DD22BA7C1B9491D800BE7E17 /* XMLDocument */,
			);
			path = Vendor;
			sourceTree = "<group>";
		};
		DD22BA1A1B9491D800BE7E17 /* AFNetworking */ = {
			isa = PBXGroup;
			children = (
				DD22BA1B1B9491D800BE7E17 /* AFHTTPRequestOperation.h */,
				DD22BA1C1B9491D800BE7E17 /* AFHTTPRequestOperation.m */,
				DD22BA1D1B9491D800BE7E17 /* AFHTTPRequestOperationManager.h */,
				DD22BA1E1B9491D800BE7E17 /* AFHTTPRequestOperationManager.m */,
				DD22BA1F1B9491D800BE7E17 /* AFHTTPSessionManager.h */,
				DD22BA201B9491D800BE7E17 /* AFHTTPSessionManager.m */,
				DD22BA211B9491D800BE7E17 /* AFNetworking.h */,
				DD22BA221B9491D800BE7E17 /* AFNetworkReachabilityManager.h */,
				DD22BA231B9491D800BE7E17 /* AFNetworkReachabilityManager.m */,
				DD22BA241B9491D800BE7E17 /* AFSecurityPolicy.h */,
				DD22BA251B9491D800BE7E17 /* AFSecurityPolicy.m */,
				DD22BA261B9491D800BE7E17 /* AFURLConnectionOperation.h */,
				DD22BA271B9491D800BE7E17 /* AFURLConnectionOperation.m */,
				DD22BA281B9491D800BE7E17 /* AFURLRequestSerialization.h */,
				DD22BA291B9491D800BE7E17 /* AFURLRequestSerialization.m */,
				DD22BA2A1B9491D800BE7E17 /* AFURLResponseSerialization.h */,
				DD22BA2B1B9491D800BE7E17 /* AFURLResponseSerialization.m */,
				DD22BA2C1B9491D800BE7E17 /* AFURLSessionManager.h */,
				DD22BA2D1B9491D800BE7E17 /* AFURLSessionManager.m */,
			);
			path = AFNetworking;
			sourceTree = "<group>";
		};
		DD22BA2E1B9491D800BE7E17 /* HTMLString */ = {
			isa = PBXGroup;
			children = (
				DD22BA2F1B9491D800BE7E17 /* GTMNSString+HTML.h */,
				DD22BA301B9491D800BE7E17 /* GTMNSString+HTML.m */,
				DD22BA311B9491D800BE7E17 /* NSString+HTML.h */,
				DD22BA321B9491D800BE7E17 /* NSString+HTML.m */,
			);
			path = HTMLString;
			sourceTree = "<group>";
		};
		DD22BA331B9491D800BE7E17 /* ImageProcessing */ = {
			isa = PBXGroup;
			children = (
				DD22BA341B9491D800BE7E17 /* UIImage+Scale.h */,
				DD22BA351B9491D800BE7E17 /* UIImage+Scale.m */,
			);
			path = ImageProcessing;
			sourceTree = "<group>";
		};
		DD22BA361B9491D800BE7E17 /* KLCPopup */ = {
			isa = PBXGroup;
			children = (
				DD22BA371B9491D800BE7E17 /* KLCPopup.h */,
				DD22BA381B9491D800BE7E17 /* KLCPopup.m */,
			);
			path = KLCPopup;
			sourceTree = "<group>";
		};
		DD22BA391B9491D800BE7E17 /* MFSideMenu */ = {
			isa = PBXGroup;
			children = (
				DD22BA3A1B9491D800BE7E17 /* MFSideMenu.h */,
				DD22BA3B1B9491D800BE7E17 /* MFSideMenuContainerViewController.h */,
				DD22BA3C1B9491D800BE7E17 /* MFSideMenuContainerViewController.m */,
				DD22BA3D1B9491D800BE7E17 /* MFSideMenuShadow.h */,
				DD22BA3E1B9491D800BE7E17 /* MFSideMenuShadow.m */,
				DD22BA3F1B9491D800BE7E17 /* UIViewController+MFSideMenuAdditions.h */,
				DD22BA401B9491D800BE7E17 /* UIViewController+MFSideMenuAdditions.m */,
			);
			path = MFSideMenu;
			sourceTree = "<group>";
		};
		DD22BA411B9491D800BE7E17 /* SDWebImage */ = {
			isa = PBXGroup;
			children = (
				DD22BA421B9491D800BE7E17 /* MKAnnotationView+WebCache.h */,
				DD22BA431B9491D800BE7E17 /* MKAnnotationView+WebCache.m */,
				DD22BA441B9491D800BE7E17 /* NSData+ImageContentType.h */,
				DD22BA451B9491D800BE7E17 /* NSData+ImageContentType.m */,
				DD22BA461B9491D800BE7E17 /* SDImageCache.h */,
				DD22BA471B9491D800BE7E17 /* SDImageCache.m */,
				DD22BA481B9491D800BE7E17 /* SDWebImageCompat.h */,
				DD22BA491B9491D800BE7E17 /* SDWebImageCompat.m */,
				DD22BA4A1B9491D800BE7E17 /* SDWebImageDecoder.h */,
				DD22BA4B1B9491D800BE7E17 /* SDWebImageDecoder.m */,
				DD22BA4C1B9491D800BE7E17 /* SDWebImageDownloader.h */,
				DD22BA4D1B9491D800BE7E17 /* SDWebImageDownloader.m */,
				DD22BA4E1B9491D800BE7E17 /* SDWebImageDownloaderOperation.h */,
				DD22BA4F1B9491D800BE7E17 /* SDWebImageDownloaderOperation.m */,
				DD22BA501B9491D800BE7E17 /* SDWebImageManager.h */,
				DD22BA511B9491D800BE7E17 /* SDWebImageManager.m */,
				DD22BA521B9491D800BE7E17 /* SDWebImageOperation.h */,
				DD22BA531B9491D800BE7E17 /* SDWebImagePrefetcher.h */,
				DD22BA541B9491D800BE7E17 /* SDWebImagePrefetcher.m */,
				DD22BA551B9491D800BE7E17 /* UIButton+WebCache.h */,
				DD22BA561B9491D800BE7E17 /* UIButton+WebCache.m */,
				DD22BA571B9491D800BE7E17 /* UIImage+GIF.h */,
				DD22BA581B9491D800BE7E17 /* UIImage+GIF.m */,
				DD22BA591B9491D800BE7E17 /* UIImage+MultiFormat.h */,
				DD22BA5A1B9491D800BE7E17 /* UIImage+MultiFormat.m */,
				DD22BA5B1B9491D800BE7E17 /* UIImage+WebP.h */,
				DD22BA5C1B9491D800BE7E17 /* UIImage+WebP.m */,
				DD22BA5D1B9491D800BE7E17 /* UIImageView+HighlightedWebCache.h */,
				DD22BA5E1B9491D800BE7E17 /* UIImageView+HighlightedWebCache.m */,
				DD22BA5F1B9491D800BE7E17 /* UIImageView+WebCache.h */,
				DD22BA601B9491D800BE7E17 /* UIImageView+WebCache.m */,
				DD22BA611B9491D800BE7E17 /* UIView+WebCacheOperation.h */,
				DD22BA621B9491D800BE7E17 /* UIView+WebCacheOperation.m */,
			);
			path = SDWebImage;
			sourceTree = "<group>";
		};
		DD22BA631B9491D800BE7E17 /* UIAlertView-Blocks */ = {
			isa = PBXGroup;
			children = (
				DD22BA641B9491D800BE7E17 /* .gitignore */,
				DD22BA651B9491D800BE7E17 /* UIAlertView+Blocks.h */,
				DD22BA661B9491D800BE7E17 /* UIAlertView+Blocks.m */,
			);
			path = "UIAlertView-Blocks";
			sourceTree = "<group>";
		};
		DD22BA671B9491D800BE7E17 /* UIImageViewAligned */ = {
			isa = PBXGroup;
			children = (
				DD22BA681B9491D800BE7E17 /* UIImageViewAligned.h */,
				DD22BA691B9491D800BE7E17 /* UIImageViewAligned.m */,
			);
			path = UIImageViewAligned;
			sourceTree = "<group>";
		};
		DD22BA6A1B9491D800BE7E17 /* UIKit+AFNetworking */ = {
			isa = PBXGroup;
			children = (
				DD22BA6B1B9491D800BE7E17 /* AFNetworkActivityIndicatorManager.h */,
				DD22BA6C1B9491D800BE7E17 /* AFNetworkActivityIndicatorManager.m */,
				DD22BA6D1B9491D800BE7E17 /* UIActivityIndicatorView+AFNetworking.h */,
				DD22BA6E1B9491D800BE7E17 /* UIActivityIndicatorView+AFNetworking.m */,
				DD22BA6F1B9491D800BE7E17 /* UIAlertView+AFNetworking.h */,
				DD22BA701B9491D800BE7E17 /* UIAlertView+AFNetworking.m */,
				DD22BA711B9491D800BE7E17 /* UIButton+AFNetworking.h */,
				DD22BA721B9491D800BE7E17 /* UIButton+AFNetworking.m */,
				DD22BA731B9491D800BE7E17 /* UIImageView+AFNetworking.h */,
				DD22BA741B9491D800BE7E17 /* UIImageView+AFNetworking.m */,
				DD22BA751B9491D800BE7E17 /* UIKit+AFNetworking.h */,
				DD22BA761B9491D800BE7E17 /* UIProgressView+AFNetworking.h */,
				DD22BA771B9491D800BE7E17 /* UIProgressView+AFNetworking.m */,
				DD22BA781B9491D800BE7E17 /* UIRefreshControl+AFNetworking.h */,
				DD22BA791B9491D800BE7E17 /* UIRefreshControl+AFNetworking.m */,
				DD22BA7A1B9491D800BE7E17 /* UIWebView+AFNetworking.h */,
				DD22BA7B1B9491D800BE7E17 /* UIWebView+AFNetworking.m */,
			);
			path = "UIKit+AFNetworking";
			sourceTree = "<group>";
		};
		DD22BA7C1B9491D800BE7E17 /* XMLDocument */ = {
			isa = PBXGroup;
			children = (
				DD22BA7D1B9491D800BE7E17 /* SMXMLDocument.h */,
				DD22BA7E1B9491D800BE7E17 /* SMXMLDocument.m */,
			);
			path = XMLDocument;
			sourceTree = "<group>";
		};
		DD22BA7F1B9491D800BE7E17 /* View */ = {
			isa = PBXGroup;
			children = (
				DD22BA801B9491D800BE7E17 /* MainView.h */,
				DD22BA811B9491D800BE7E17 /* MainView.m */,
			);
			path = View;
			sourceTree = "<group>";
		};
		DD22BABA1B94926900BE7E17 /* Framework */ = {
			isa = PBXGroup;
			children = (
				DD22BABB1B94927F00BE7E17 /* CoreGraphics.framework */,
			);
			name = Framework;
			sourceTree = "<group>";
		};
/* End PBXGroup section */

/* Begin PBXNativeTarget section */
		DD22B9D81B94918C00BE7E17 /* Project_Template */ = {
			isa = PBXNativeTarget;
			buildConfigurationList = DD22B9FC1B94918C00BE7E17 /* Build configuration list for PBXNativeTarget "Project_Template" */;
			buildPhases = (
				DD22B9D51B94918C00BE7E17 /* Sources */,
				DD22B9D61B94918C00BE7E17 /* Frameworks */,
				DD22B9D71B94918C00BE7E17 /* Resources */,
			);
			buildRules = (
			);
			dependencies = (
			);
			name = Project_Template;
			productName = Project_Template;
			productReference = DD22B9D91B94918C00BE7E17 /* Project_Template.app */;
			productType = "com.apple.product-type.application";
		};
		DD22B9F11B94918C00BE7E17 /* Project_TemplateTests */ = {
			isa = PBXNativeTarget;
			buildConfigurationList = DD22B9FF1B94918C00BE7E17 /* Build configuration list for PBXNativeTarget "Project_TemplateTests" */;
			buildPhases = (
				DD22B9EE1B94918C00BE7E17 /* Sources */,
				DD22B9EF1B94918C00BE7E17 /* Frameworks */,
				DD22B9F01B94918C00BE7E17 /* Resources */,
			);
			buildRules = (
			);
			dependencies = (
				DD22B9F41B94918C00BE7E17 /* PBXTargetDependency */,
			);
			name = Project_TemplateTests;
			productName = Project_TemplateTests;
			productReference = DD22B9F21B94918C00BE7E17 /* Project_TemplateTests.xctest */;
			productType = "com.apple.product-type.bundle.unit-test";
		};
/* End PBXNativeTarget section */

/* Begin PBXProject section */
		DD22B9D11B94918C00BE7E17 /* Project object */ = {
			isa = PBXProject;
			attributes = {
				LastUpgradeCheck = 0630;
				ORGANIZATIONNAME = SamSol;
				TargetAttributes = {
					DD22B9D81B94918C00BE7E17 = {
						CreatedOnToolsVersion = 6.3.2;
					};
					DD22B9F11B94918C00BE7E17 = {
						CreatedOnToolsVersion = 6.3.2;
						TestTargetID = DD22B9D81B94918C00BE7E17;
					};
				};
			};
			buildConfigurationList = DD22B9D41B94918C00BE7E17 /* Build configuration list for PBXProject "Project_Template" */;
			compatibilityVersion = "Xcode 3.2";
			developmentRegion = English;
			hasScannedForEncodings = 0;
			knownRegions = (
				en,
				Base,
			);
			mainGroup = DD22B9D01B94918C00BE7E17;
			productRefGroup = DD22B9DA1B94918C00BE7E17 /* Products */;
			projectDirPath = "";
			projectRoot = "";
			targets = (
				DD22B9D81B94918C00BE7E17 /* Project_Template */,
				DD22B9F11B94918C00BE7E17 /* Project_TemplateTests */,
			);
		};
/* End PBXProject section */

/* Begin PBXResourcesBuildPhase section */
		DD22B9D71B94918C00BE7E17 /* Resources */ = {
			isa = PBXResourcesBuildPhase;
			buildActionMask = 2147483647;
			files = (
				DD22B9ED1B94918C00BE7E17 /* LaunchScreen.xib in Resources */,
				DD22BAAC1B9491D800BE7E17 /* .gitignore in Resources */,
				DD22B9EA1B94918C00BE7E17 /* Images.xcassets in Resources */,
			);
			runOnlyForDeploymentPostprocessing = 0;
		};
		DD22B9F01B94918C00BE7E17 /* Resources */ = {
			isa = PBXResourcesBuildPhase;
			buildActionMask = 2147483647;
			files = (
			);
			runOnlyForDeploymentPostprocessing = 0;
		};
/* End PBXResourcesBuildPhase section */

/* Begin PBXSourcesBuildPhase section */
		DD22B9D51B94918C00BE7E17 /* Sources */ = {
			isa = PBXSourcesBuildPhase;
			buildActionMask = 2147483647;
			files = (
				DD22BAA61B9491D800BE7E17 /* UIImage+GIF.m in Sources */,
				DD22BAB31B9491D800BE7E17 /* UIImageView+AFNetworking.m in Sources */,
				DD22BA8C1B9491D800BE7E17 /* AFHTTPRequestOperation.m in Sources */,
				DD22BA831B9491D800BE7E17 /* BaseNavigationController.m in Sources */,
				DD22BA8A1B9491D800BE7E17 /* InterfaceUtility.m in Sources */,
				DD22BAAB1B9491D800BE7E17 /* UIView+WebCacheOperation.m in Sources */,
				DD22BA961B9491D800BE7E17 /* NSString+HTML.m in Sources */,
				DD22BA941B9491D800BE7E17 /* AFURLSessionManager.m in Sources */,
				DD22BA851B9491D800BE7E17 /* BaseViewController.m in Sources */,
				DD22BA911B9491D800BE7E17 /* AFURLConnectionOperation.m in Sources */,
				DD22BAB51B9491D800BE7E17 /* UIRefreshControl+AFNetworking.m in Sources */,
				DD22BA9E1B9491D800BE7E17 /* SDImageCache.m in Sources */,
				DD22BA8D1B9491D800BE7E17 /* AFHTTPRequestOperationManager.m in Sources */,
				DD22BAB41B9491D800BE7E17 /* UIProgressView+AFNetworking.m in Sources */,
				DD22BA9F1B9491D800BE7E17 /* SDWebImageCompat.m in Sources */,
				DD22BAAD1B9491D800BE7E17 /* UIAlertView+Blocks.m in Sources */,
				DD22BA861B9491D800BE7E17 /* LoadingView.m in Sources */,
				DD22BAA91B9491D800BE7E17 /* UIImageView+HighlightedWebCache.m in Sources */,
				DD22BAA41B9491D800BE7E17 /* SDWebImagePrefetcher.m in Sources */,
				DD22BAA21B9491D800BE7E17 /* SDWebImageDownloaderOperation.m in Sources */,
				DD22BA8F1B9491D800BE7E17 /* AFNetworkReachabilityManager.m in Sources */,
				DD22BAA11B9491D800BE7E17 /* SDWebImageDownloader.m in Sources */,
				DD22BA9D1B9491D800BE7E17 /* NSData+ImageContentType.m in Sources */,
				DD22B9E21B94918C00BE7E17 /* AppDelegate.m in Sources */,
				DD22BA871B9491D800BE7E17 /* AppUtility.m in Sources */,
				DD22BA901B9491D800BE7E17 /* AFSecurityPolicy.m in Sources */,
				DD22BAB11B9491D800BE7E17 /* UIAlertView+AFNetworking.m in Sources */,
				DD22BAA01B9491D800BE7E17 /* SDWebImageDecoder.m in Sources */,
				DD22BAAF1B9491D800BE7E17 /* AFNetworkActivityIndicatorManager.m in Sources */,
				DD22BAB21B9491D800BE7E17 /* UIButton+AFNetworking.m in Sources */,
				DD22BA9B1B9491D800BE7E17 /* UIViewController+MFSideMenuAdditions.m in Sources */,
				DD22BAAE1B9491D800BE7E17 /* UIImageViewAligned.m in Sources */,
				DD22BA991B9491D800BE7E17 /* MFSideMenuContainerViewController.m in Sources */,
				DD22BAAA1B9491D800BE7E17 /* UIImageView+WebCache.m in Sources */,
				DD22BAA31B9491D800BE7E17 /* SDWebImageManager.m in Sources */,
				DD22BAB01B9491D800BE7E17 /* UIActivityIndicatorView+AFNetworking.m in Sources */,
				DD22BA891B9491D800BE7E17 /* Constants.m in Sources */,
				DD22BAB81B9491D800BE7E17 /* MainView.m in Sources */,
				DD22BA921B9491D800BE7E17 /* AFURLRequestSerialization.m in Sources */,
				DD22BAB61B9491D800BE7E17 /* UIWebView+AFNetworking.m in Sources */,
				DD22BAB71B9491D800BE7E17 /* SMXMLDocument.m in Sources */,
				DD22BA881B9491D800BE7E17 /* BaseLayout.m in Sources */,
				DD22BA981B9491D800BE7E17 /* KLCPopup.m in Sources */,
				DD22BA9C1B9491D800BE7E17 /* MKAnnotationView+WebCache.m in Sources */,
				DD22BA951B9491D800BE7E17 /* GTMNSString+HTML.m in Sources */,
				DD22BA931B9491D800BE7E17 /* AFURLResponseSerialization.m in Sources */,
				DD22BA841B9491D800BE7E17 /* BaseView.m in Sources */,
				DD22BAA71B9491D800BE7E17 /* UIImage+MultiFormat.m in Sources */,
				DD22BAA81B9491D800BE7E17 /* UIImage+WebP.m in Sources */,
				DD22BAA51B9491D800BE7E17 /* UIButton+WebCache.m in Sources */,
				DD22BA821B9491D800BE7E17 /* MainViewController.m in Sources */,
				DD22BA9A1B9491D800BE7E17 /* MFSideMenuShadow.m in Sources */,
				DD22BA8E1B9491D800BE7E17 /* AFHTTPSessionManager.m in Sources */,
				DD22BA8B1B9491D800BE7E17 /* Reachability.m in Sources */,
				DD22BA971B9491D800BE7E17 /* UIImage+Scale.m in Sources */,
				DD22B9DF1B94918C00BE7E17 /* main.m in Sources */,
			);
			runOnlyForDeploymentPostprocessing = 0;
		};
		DD22B9EE1B94918C00BE7E17 /* Sources */ = {
			isa = PBXSourcesBuildPhase;
			buildActionMask = 2147483647;
			files = (
				DD22B9F91B94918C00BE7E17 /* Project_TemplateTests.m in Sources */,
			);
			runOnlyForDeploymentPostprocessing = 0;
		};
/* End PBXSourcesBuildPhase section */

/* Begin PBXTargetDependency section */
		DD22B9F41B94918C00BE7E17 /* PBXTargetDependency */ = {
			isa = PBXTargetDependency;
			target = DD22B9D81B94918C00BE7E17 /* Project_Template */;
			targetProxy = DD22B9F31B94918C00BE7E17 /* PBXContainerItemProxy */;
		};
/* End PBXTargetDependency section */

/* Begin PBXVariantGroup section */
		DD22B9EB1B94918C00BE7E17 /* LaunchScreen.xib */ = {
			isa = PBXVariantGroup;
			children = (
				DD22B9EC1B94918C00BE7E17 /* Base */,
			);
			name = LaunchScreen.xib;
			sourceTree = "<group>";
		};
/* End PBXVariantGroup section */

/* Begin XCBuildConfiguration section */
		DD22B9FA1B94918C00BE7E17 /* Debug */ = {
			isa = XCBuildConfiguration;
			buildSettings = {
				ALWAYS_SEARCH_USER_PATHS = NO;
				CLANG_CXX_LANGUAGE_STANDARD = "gnu++0x";
				CLANG_CXX_LIBRARY = "libc++";
				CLANG_ENABLE_MODULES = YES;
				CLANG_ENABLE_OBJC_ARC = YES;
				CLANG_WARN_BOOL_CONVERSION = YES;
				CLANG_WARN_CONSTANT_CONVERSION = YES;
				CLANG_WARN_DIRECT_OBJC_ISA_USAGE = YES_ERROR;
				CLANG_WARN_EMPTY_BODY = YES;
				CLANG_WARN_ENUM_CONVERSION = YES;
				CLANG_WARN_INT_CONVERSION = YES;
				CLANG_WARN_OBJC_ROOT_CLASS = YES_ERROR;
				CLANG_WARN_UNREACHABLE_CODE = YES;
				CLANG_WARN__DUPLICATE_METHOD_MATCH = YES;
				"CODE_SIGN_IDENTITY[sdk=iphoneos*]" = "iPhone Developer";
				COPY_PHASE_STRIP = NO;
				DEBUG_INFORMATION_FORMAT = "dwarf-with-dsym";
				ENABLE_STRICT_OBJC_MSGSEND = YES;
				GCC_C_LANGUAGE_STANDARD = gnu99;
				GCC_DYNAMIC_NO_PIC = NO;
				GCC_NO_COMMON_BLOCKS = YES;
				GCC_OPTIMIZATION_LEVEL = 0;
				GCC_PREPROCESSOR_DEFINITIONS = (
					"DEBUG=1",
					"$(inherited)",
				);
				GCC_SYMBOLS_PRIVATE_EXTERN = NO;
				GCC_WARN_64_TO_32_BIT_CONVERSION = YES;
				GCC_WARN_ABOUT_RETURN_TYPE = YES_ERROR;
				GCC_WARN_UNDECLARED_SELECTOR = YES;
				GCC_WARN_UNINITIALIZED_AUTOS = YES_AGGRESSIVE;
				GCC_WARN_UNUSED_FUNCTION = YES;
				GCC_WARN_UNUSED_VARIABLE = YES;
				IPHONEOS_DEPLOYMENT_TARGET = 8.3;
				MTL_ENABLE_DEBUG_INFO = YES;
				ONLY_ACTIVE_ARCH = YES;
				SDKROOT = iphoneos;
				TARGETED_DEVICE_FAMILY = "1,2";
			};
			name = Debug;
		};
		DD22B9FB1B94918C00BE7E17 /* Release */ = {
			isa = XCBuildConfiguration;
			buildSettings = {
				ALWAYS_SEARCH_USER_PATHS = NO;
				CLANG_CXX_LANGUAGE_STANDARD = "gnu++0x";
				CLANG_CXX_LIBRARY = "libc++";
				CLANG_ENABLE_MODULES = YES;
				CLANG_ENABLE_OBJC_ARC = YES;
				CLANG_WARN_BOOL_CONVERSION = YES;
				CLANG_WARN_CONSTANT_CONVERSION = YES;
				CLANG_WARN_DIRECT_OBJC_ISA_USAGE = YES_ERROR;
				CLANG_WARN_EMPTY_BODY = YES;
				CLANG_WARN_ENUM_CONVERSION = YES;
				CLANG_WARN_INT_CONVERSION = YES;
				CLANG_WARN_OBJC_ROOT_CLASS = YES_ERROR;
				CLANG_WARN_UNREACHABLE_CODE = YES;
				CLANG_WARN__DUPLICATE_METHOD_MATCH = YES;
				"CODE_SIGN_IDENTITY[sdk=iphoneos*]" = "iPhone Developer";
				COPY_PHASE_STRIP = NO;
				DEBUG_INFORMATION_FORMAT = "dwarf-with-dsym";
				ENABLE_NS_ASSERTIONS = NO;
				ENABLE_STRICT_OBJC_MSGSEND = YES;
				GCC_C_LANGUAGE_STANDARD = gnu99;
				GCC_NO_COMMON_BLOCKS = YES;
				GCC_WARN_64_TO_32_BIT_CONVERSION = YES;
				GCC_WARN_ABOUT_RETURN_TYPE = YES_ERROR;
				GCC_WARN_UNDECLARED_SELECTOR = YES;
				GCC_WARN_UNINITIALIZED_AUTOS = YES_AGGRESSIVE;
				GCC_WARN_UNUSED_FUNCTION = YES;
				GCC_WARN_UNUSED_VARIABLE = YES;
				IPHONEOS_DEPLOYMENT_TARGET = 8.3;
				MTL_ENABLE_DEBUG_INFO = NO;
				SDKROOT = iphoneos;
				TARGETED_DEVICE_FAMILY = "1,2";
				VALIDATE_PRODUCT = YES;
			};
			name = Release;
		};
		DD22B9FD1B94918C00BE7E17 /* Debug */ = {
			isa = XCBuildConfiguration;
			buildSettings = {
				ASSETCATALOG_COMPILER_APPICON_NAME = AppIcon;
				GCC_PREFIX_HEADER = "$(PROJECT_NAME)/$(PROJECT_NAME).pch";
				INFOPLIST_FILE = Project_Template/Info.plist;
				LD_RUNPATH_SEARCH_PATHS = "$(inherited) @executable_path/Frameworks";
				PRODUCT_NAME = "$(TARGET_NAME)";
			};
			name = Debug;
		};
		DD22B9FE1B94918C00BE7E17 /* Release */ = {
			isa = XCBuildConfiguration;
			buildSettings = {
				ASSETCATALOG_COMPILER_APPICON_NAME = AppIcon;
				GCC_PREFIX_HEADER = "$(PROJECT_NAME)/$(PROJECT_NAME).pch";
				INFOPLIST_FILE = Project_Template/Info.plist;
				LD_RUNPATH_SEARCH_PATHS = "$(inherited) @executable_path/Frameworks";
				PRODUCT_NAME = "$(TARGET_NAME)";
			};
			name = Release;
		};
		DD22BA001B94918C00BE7E17 /* Debug */ = {
			isa = XCBuildConfiguration;
			buildSettings = {
				BUNDLE_LOADER = "$(TEST_HOST)";
				FRAMEWORK_SEARCH_PATHS = (
					"$(SDKROOT)/Developer/Library/Frameworks",
					"$(inherited)",
				);
				GCC_PREPROCESSOR_DEFINITIONS = (
					"DEBUG=1",
					"$(inherited)",
				);
				INFOPLIST_FILE = Project_TemplateTests/Info.plist;
				LD_RUNPATH_SEARCH_PATHS = "$(inherited) @executable_path/Frameworks @loader_path/Frameworks";
				PRODUCT_NAME = "$(TARGET_NAME)";
				TEST_HOST = "$(BUILT_PRODUCTS_DIR)/Project_Template.app/Project_Template";
			};
			name = Debug;
		};
		DD22BA011B94918C00BE7E17 /* Release */ = {
			isa = XCBuildConfiguration;
			buildSettings = {
				BUNDLE_LOADER = "$(TEST_HOST)";
				FRAMEWORK_SEARCH_PATHS = (
					"$(SDKROOT)/Developer/Library/Frameworks",
					"$(inherited)",
				);
				INFOPLIST_FILE = Project_TemplateTests/Info.plist;
				LD_RUNPATH_SEARCH_PATHS = "$(inherited) @executable_path/Frameworks @loader_path/Frameworks";
				PRODUCT_NAME = "$(TARGET_NAME)";
				TEST_HOST = "$(BUILT_PRODUCTS_DIR)/Project_Template.app/Project_Template";
			};
			name = Release;
		};
/* End XCBuildConfiguration section */

/* Begin XCConfigurationList section */
		DD22B9D41B94918C00BE7E17 /* Build configuration list for PBXProject "Project_Template" */ = {
			isa = XCConfigurationList;
			buildConfigurations = (
				DD22B9FA1B94918C00BE7E17 /* Debug */,
				DD22B9FB1B94918C00BE7E17 /* Release */,
			);
			defaultConfigurationIsVisible = 0;
			defaultConfigurationName = Release;
		};
		DD22B9FC1B94918C00BE7E17 /* Build configuration list for PBXNativeTarget "Project_Template" */ = {
			isa = XCConfigurationList;
			buildConfigurations = (
				DD22B9FD1B94918C00BE7E17 /* Debug */,
				DD22B9FE1B94918C00BE7E17 /* Release */,
			);
			defaultConfigurationIsVisible = 0;
			defaultConfigurationName = Release;
		};
		DD22B9FF1B94918C00BE7E17 /* Build configuration list for PBXNativeTarget "Project_TemplateTests" */ = {
			isa = XCConfigurationList;
			buildConfigurations = (
				DD22BA001B94918C00BE7E17 /* Debug */,
				DD22BA011B94918C00BE7E17 /* Release */,
			);
			defaultConfigurationIsVisible = 0;
			defaultConfigurationName = Release;
		};
/* End XCConfigurationList section */
	};
	rootObject = DD22B9D11B94918C00BE7E17 /* Project object */;
}
